
Microsoft Visual Studio Solution File, Format Version 12.00
# Visual Studio Version 16
VisualStudioVersion = 16.0.28922.388
MinimumVisualStudioVersion = 10.0.40219.1
Project("{9A19103F-16F7-4668-BE54-9A1E7A4F7556}") = "MyB2B.Web", "MyB2B.Web\MyB2B.Web.csproj", "{672E4550-606A-476E-B08B-873331BA25A3}"
EndProject
Project("{2150E333-8FDC-42A3-9474-1A3956D46DE8}") = "Domain", "Domain", "{36B394C7-EE27-49E9-99F2-7008D3375F4D}"
EndProject
Project("{9A19103F-16F7-4668-BE54-9A1E7A4F7556}") = "MyB2B.Domain", "MyB2B.Domain\MyB2B.Domain.csproj", "{6B449754-CC25-400F-B030-1D90D2AAB340}"
EndProject
Project("{9A19103F-16F7-4668-BE54-9A1E7A4F7556}") = "MyB2B.Web.Infrastructure", "MyB2B.Web.Infrastructure\MyB2B.Web.Infrastructure.csproj", "{4355A5E0-3EEC-419A-AAFA-CBC967768DDD}"
EndProject
Project("{9A19103F-16F7-4668-BE54-9A1E7A4F7556}") = "MyB2B.Domain.EntityFramework", "MyB2B.Domain.EntityFramework\MyB2B.Domain.EntityFramework.csproj", "{07E28BBA-FEAE-400E-91DA-F3C597A6F2B4}"
EndProject
Project("{2150E333-8FDC-42A3-9474-1A3956D46DE8}") = "Web", "Web", "{EF1F3023-F435-4500-BC7D-E34C8ED2DF76}"
EndProject
Project("{2150E333-8FDC-42A3-9474-1A3956D46DE8}") = "Server", "Server", "{20C4A59A-F7B6-4565-BEF9-BB8E2C5B4EBE}"
EndProject
Project("{9A19103F-16F7-4668-BE54-9A1E7A4F7556}") = "MyB2B.Server.Scheduler", "MyB2B.Server.Scheduler\MyB2B.Server.Scheduler.csproj", "{426BAE76-F597-4E70-BA16-5EE2442F84D6}"
EndProject
Project("{9A19103F-16F7-4668-BE54-9A1E7A4F7556}") = "MyB2B.Server.Documents", "MyB2B.Server.Documents\MyB2B.Server.Documents.csproj", "{23E37048-7A80-4DA7-A2C9-BE58FF5093D3}"
EndProject
Project("{2150E333-8FDC-42A3-9474-1A3956D46DE8}") = "_Mocks", "_Mocks", "{4A7EC9F3-2CE2-4A36-A78A-2114B99F91BF}"
EndProject
Project("{9A19103F-16F7-4668-BE54-9A1E7A4F7556}") = "MyB2B.InvoiceGenerator.Console.Mock", "MyB2B.InvoiceGenerator.Console.Mock\MyB2B.InvoiceGenerator.Console.Mock.csproj", "{882E0C61-599C-4A12-AC69-85A887D077D9}"
EndProject
Project("{9A19103F-16F7-4668-BE54-9A1E7A4F7556}") = "MyB2B.Server.Common", "MyB2B.Server.Common\MyB2B.Server.Common.csproj", "{42DE35BA-023E-4AB9-8F13-59DCC97562CE}"
EndProject
Project("{9A19103F-16F7-4668-BE54-9A1E7A4F7556}") = "MyB2B.SampleObjects", "MyB2B.SampleObjects\MyB2B.SampleObjects.csproj", "{21AAB525-DE5B-4F8D-A45A-437A3754DD53}"
EndProject
Project("{9A19103F-16F7-4668-BE54-9A1E7A4F7556}") = "MyB2B.Web.Controllers.Logic", "MyB2B.Web.Controllers.Logic\MyB2B.Web.Controllers.Logic.csproj", "{0907E4AC-78BD-4315-B16C-9720F73DC878}"
EndProject
Project("{FAE04EC0-301F-11D3-BF4B-00C04F79EFBC}") = "MyB2B.Web.Controllers.Logic.Tests", "MyB2B.Web.Controllers.Logic.Tests\MyB2B.Web.Controllers.Logic.Tests.csproj", "{38D1B7F8-EC55-43A8-8BEF-CEE68D5153F7}"
EndProject
Project("{2150E333-8FDC-42A3-9474-1A3956D46DE8}") = "Tests", "Tests", "{633FAB84-134A-4910-B83B-194239328FC2}"
EndProject
Project("{FAE04EC0-301F-11D3-BF4B-00C04F79EFBC}") = "MyB2B.Tests", "MyB2B.Tests\MyB2B.Tests.csproj", "{54E2806E-897F-469C-9D65-4CB4D016ACF3}"
EndProject
Global
	GlobalSection(SolutionConfigurationPlatforms) = preSolution
		Debug|Any CPU = Debug|Any CPU
		Release|Any CPU = Release|Any CPU
	EndGlobalSection
	GlobalSection(ProjectConfigurationPlatforms) = postSolution
		{672E4550-606A-476E-B08B-873331BA25A3}.Debug|Any CPU.ActiveCfg = Debug|Any CPU
		{672E4550-606A-476E-B08B-873331BA25A3}.Debug|Any CPU.Build.0 = Debug|Any CPU
		{672E4550-606A-476E-B08B-873331BA25A3}.Release|Any CPU.ActiveCfg = Release|Any CPU
		{672E4550-606A-476E-B08B-873331BA25A3}.Release|Any CPU.Build.0 = Release|Any CPU
		{6B449754-CC25-400F-B030-1D90D2AAB340}.Debug|Any CPU.ActiveCfg = Debug|Any CPU
		{6B449754-CC25-400F-B030-1D90D2AAB340}.Debug|Any CPU.Build.0 = Debug|Any CPU
		{6B449754-CC25-400F-B030-1D90D2AAB340}.Release|Any CPU.ActiveCfg = Release|Any CPU
		{6B449754-CC25-400F-B030-1D90D2AAB340}.Release|Any CPU.Build.0 = Release|Any CPU
		{4355A5E0-3EEC-419A-AAFA-CBC967768DDD}.Debug|Any CPU.ActiveCfg = Debug|Any CPU
		{4355A5E0-3EEC-419A-AAFA-CBC967768DDD}.Debug|Any CPU.Build.0 = Debug|Any CPU
		{4355A5E0-3EEC-419A-AAFA-CBC967768DDD}.Release|Any CPU.ActiveCfg = Release|Any CPU
		{4355A5E0-3EEC-419A-AAFA-CBC967768DDD}.Release|Any CPU.Build.0 = Release|Any CPU
		{07E28BBA-FEAE-400E-91DA-F3C597A6F2B4}.Debug|Any CPU.ActiveCfg = Debug|Any CPU
		{07E28BBA-FEAE-400E-91DA-F3C597A6F2B4}.Debug|Any CPU.Build.0 = Debug|Any CPU
		{07E28BBA-FEAE-400E-91DA-F3C597A6F2B4}.Release|Any CPU.ActiveCfg = Release|Any CPU
		{07E28BBA-FEAE-400E-91DA-F3C597A6F2B4}.Release|Any CPU.Build.0 = Release|Any CPU
		{426BAE76-F597-4E70-BA16-5EE2442F84D6}.Debug|Any CPU.ActiveCfg = Debug|Any CPU
		{426BAE76-F597-4E70-BA16-5EE2442F84D6}.Debug|Any CPU.Build.0 = Debug|Any CPU
		{426BAE76-F597-4E70-BA16-5EE2442F84D6}.Release|Any CPU.ActiveCfg = Release|Any CPU
		{426BAE76-F597-4E70-BA16-5EE2442F84D6}.Release|Any CPU.Build.0 = Release|Any CPU
		{23E37048-7A80-4DA7-A2C9-BE58FF5093D3}.Debug|Any CPU.ActiveCfg = Debug|Any CPU
		{23E37048-7A80-4DA7-A2C9-BE58FF5093D3}.Debug|Any CPU.Build.0 = Debug|Any CPU
		{23E37048-7A80-4DA7-A2C9-BE58FF5093D3}.Release|Any CPU.ActiveCfg = Release|Any CPU
		{23E37048-7A80-4DA7-A2C9-BE58FF5093D3}.Release|Any CPU.Build.0 = Release|Any CPU
		{882E0C61-599C-4A12-AC69-85A887D077D9}.Debug|Any CPU.ActiveCfg = Debug|Any CPU
		{882E0C61-599C-4A12-AC69-85A887D077D9}.Debug|Any CPU.Build.0 = Debug|Any CPU
		{882E0C61-599C-4A12-AC69-85A887D077D9}.Release|Any CPU.ActiveCfg = Release|Any CPU
		{882E0C61-599C-4A12-AC69-85A887D077D9}.Release|Any CPU.Build.0 = Release|Any CPU
		{42DE35BA-023E-4AB9-8F13-59DCC97562CE}.Debug|Any CPU.ActiveCfg = Debug|Any CPU
		{42DE35BA-023E-4AB9-8F13-59DCC97562CE}.Debug|Any CPU.Build.0 = Debug|Any CPU
		{42DE35BA-023E-4AB9-8F13-59DCC97562CE}.Release|Any CPU.ActiveCfg = Release|Any CPU
		{42DE35BA-023E-4AB9-8F13-59DCC97562CE}.Release|Any CPU.Build.0 = Release|Any CPU
		{21AAB525-DE5B-4F8D-A45A-437A3754DD53}.Debug|Any CPU.ActiveCfg = Debug|Any CPU
		{21AAB525-DE5B-4F8D-A45A-437A3754DD53}.Debug|Any CPU.Build.0 = Debug|Any CPU
		{21AAB525-DE5B-4F8D-A45A-437A3754DD53}.Release|Any CPU.ActiveCfg = Release|Any CPU
		{21AAB525-DE5B-4F8D-A45A-437A3754DD53}.Release|Any CPU.Build.0 = Release|Any CPU
		{0907E4AC-78BD-4315-B16C-9720F73DC878}.Debug|Any CPU.ActiveCfg = Debug|Any CPU
		{0907E4AC-78BD-4315-B16C-9720F73DC878}.Debug|Any CPU.Build.0 = Debug|Any CPU
		{0907E4AC-78BD-4315-B16C-9720F73DC878}.Release|Any CPU.ActiveCfg = Release|Any CPU
		{0907E4AC-78BD-4315-B16C-9720F73DC878}.Release|Any CPU.Build.0 = Release|Any CPU
		{38D1B7F8-EC55-43A8-8BEF-CEE68D5153F7}.Debug|Any CPU.ActiveCfg = Debug|Any CPU
		{38D1B7F8-EC55-43A8-8BEF-CEE68D5153F7}.Debug|Any CPU.Build.0 = Debug|Any CPU
		{38D1B7F8-EC55-43A8-8BEF-CEE68D5153F7}.Release|Any CPU.ActiveCfg = Release|Any CPU
		{38D1B7F8-EC55-43A8-8BEF-CEE68D5153F7}.Release|Any CPU.Build.0 = Release|Any CPU
		{54E2806E-897F-469C-9D65-4CB4D016ACF3}.Debug|Any CPU.ActiveCfg = Debug|Any CPU
		{54E2806E-897F-469C-9D65-4CB4D016ACF3}.Debug|Any CPU.Build.0 = Debug|Any CPU
		{54E2806E-897F-469C-9D65-4CB4D016ACF3}.Release|Any CPU.ActiveCfg = Release|Any CPU
		{54E2806E-897F-469C-9D65-4CB4D016ACF3}.Release|Any CPU.Build.0 = Release|Any CPU
	EndGlobalSection
	GlobalSection(SolutionProperties) = preSolution
		HideSolutionNode = FALSE
	EndGlobalSection
	GlobalSection(NestedProjects) = preSolution
		{672E4550-606A-476E-B08B-873331BA25A3} = {EF1F3023-F435-4500-BC7D-E34C8ED2DF76}
		{6B449754-CC25-400F-B030-1D90D2AAB340} = {36B394C7-EE27-49E9-99F2-7008D3375F4D}
		{4355A5E0-3EEC-419A-AAFA-CBC967768DDD} = {EF1F3023-F435-4500-BC7D-E34C8ED2DF76}
		{07E28BBA-FEAE-400E-91DA-F3C597A6F2B4} = {36B394C7-EE27-49E9-99F2-7008D3375F4D}
		{426BAE76-F597-4E70-BA16-5EE2442F84D6} = {20C4A59A-F7B6-4565-BEF9-BB8E2C5B4EBE}
		{23E37048-7A80-4DA7-A2C9-BE58FF5093D3} = {20C4A59A-F7B6-4565-BEF9-BB8E2C5B4EBE}
		{882E0C61-599C-4A12-AC69-85A887D077D9} = {4A7EC9F3-2CE2-4A36-A78A-2114B99F91BF}
		{42DE35BA-023E-4AB9-8F13-59DCC97562CE} = {20C4A59A-F7B6-4565-BEF9-BB8E2C5B4EBE}
		{21AAB525-DE5B-4F8D-A45A-437A3754DD53} = {4A7EC9F3-2CE2-4A36-A78A-2114B99F91BF}
		{0907E4AC-78BD-4315-B16C-9720F73DC878} = {EF1F3023-F435-4500-BC7D-E34C8ED2DF76}
		{38D1B7F8-EC55-43A8-8BEF-CEE68D5153F7} = {EF1F3023-F435-4500-BC7D-E34C8ED2DF76}
		{54E2806E-897F-469C-9D65-4CB4D016ACF3} = {633FAB84-134A-4910-B83B-194239328FC2}
	EndGlobalSection
	GlobalSection(ExtensibilityGlobals) = postSolution
		SolutionGuid = {0DFA2260-C44D-41CD-BE11-89F703CA977B}
	EndGlobalSection
EndGlobal
